
Microsoft Visual Studio Solution File, Format Version 12.00
Project("{FAE04EC0-301F-11D3-BF4B-00C04F79EFBC}") = "ShoppingCart", "ShoppingCart\ShoppingCart.csproj", "{DB12219B-0647-4343-A4C6-365E924F4DAB}"
EndProject
Project("{FAE04EC0-301F-11D3-BF4B-00C04F79EFBC}") = "ShoppingCartTests", "ShoppingCartTests\ShoppingCartTests.csproj", "{ECAD7F0C-E4FE-4CAD-B76C-96AF893D5A8A}"
EndProject
Global
	GlobalSection(SolutionConfigurationPlatforms) = preSolution
		Debug|Any CPU = Debug|Any CPU
		Release|Any CPU = Release|Any CPU
	EndGlobalSection
	GlobalSection(ProjectConfigurationPlatforms) = postSolution
		{DB12219B-0647-4343-A4C6-365E924F4DAB}.Debug|Any CPU.ActiveCfg = Debug|Any CPU
		{DB12219B-0647-4343-A4C6-365E924F4DAB}.Debug|Any CPU.Build.0 = Debug|Any CPU
		{DB12219B-0647-4343-A4C6-365E924F4DAB}.Release|Any CPU.ActiveCfg = Release|Any CPU
		{DB12219B-0647-4343-A4C6-365E924F4DAB}.Release|Any CPU.Build.0 = Release|Any CPU
		{ECAD7F0C-E4FE-4CAD-B76C-96AF893D5A8A}.Debug|Any CPU.ActiveCfg = Debug|Any CPU
		{ECAD7F0C-E4FE-4CAD-B76C-96AF893D5A8A}.Debug|Any CPU.Build.0 = Debug|Any CPU
		{ECAD7F0C-E4FE-4CAD-B76C-96AF893D5A8A}.Release|Any CPU.ActiveCfg = Release|Any CPU
		{ECAD7F0C-E4FE-4CAD-B76C-96AF893D5A8A}.Release|Any CPU.Build.0 = Release|Any CPU
	EndGlobalSection
EndGlobal
